
Microsoft Visual Studio Solution File, Format Version 12.00
# Visual Studio Version 17
VisualStudioVersion = 17.13.35913.81
MinimumVisualStudioVersion = 10.0.40219.1
Project("{FAE04EC0-301F-11D3-BF4B-00C04F79EFBC}") = "IsolkalkylAPI", "IsolkalkylAPI\IsolkalkylAPI.csproj", "{B9107484-3431-4E59-AFC3-2F1D4A59FE3B}"
EndProject
Project("{FAE04EC0-301F-11D3-BF4B-00C04F79EFBC}") = "IsolCore", "IsolCore\IsolCore.csproj", "{F74C9628-219E-49FA-8320-273CC344F634}"
EndProject
Global
	GlobalSection(SolutionConfigurationPlatforms) = preSolution
		Debug|Any CPU = Debug|Any CPU
		Release|Any CPU = Release|Any CPU
	EndGlobalSection
	GlobalSection(ProjectConfigurationPlatforms) = postSolution
		{B9107484-3431-4E59-AFC3-2F1D4A59FE3B}.Debug|Any CPU.ActiveCfg = Debug|Any CPU
		{B9107484-3431-4E59-AFC3-2F1D4A59FE3B}.Debug|Any CPU.Build.0 = Debug|Any CPU
		{B9107484-3431-4E59-AFC3-2F1D4A59FE3B}.Release|Any CPU.ActiveCfg = Release|Any CPU
		{B9107484-3431-4E59-AFC3-2F1D4A59FE3B}.Release|Any CPU.Build.0 = Release|Any CPU
		{F74C9628-219E-49FA-8320-273CC344F634}.Debug|Any CPU.ActiveCfg = Debug|Any CPU
		{F74C9628-219E-49FA-8320-273CC344F634}.Debug|Any CPU.Build.0 = Debug|Any CPU
		{F74C9628-219E-49FA-8320-273CC344F634}.Release|Any CPU.ActiveCfg = Release|Any CPU
		{F74C9628-219E-49FA-8320-273CC344F634}.Release|Any CPU.Build.0 = Release|Any CPU
	EndGlobalSection
	GlobalSection(SolutionProperties) = preSolution
		HideSolutionNode = FALSE
	EndGlobalSection
	GlobalSection(ExtensibilityGlobals) = postSolution
		SolutionGuid = {5D2308C6-F03D-41F3-A2DD-8293A4DA482B}
	EndGlobalSection
EndGlobal
